<?xml version="1.0" encoding="utf-8"?>
<Project ToolsVersion="4.0" xmlns="http://schemas.microsoft.com/developer/msbuild/2003">
  <ItemGroup>
    <Filter Include="Shaders">
      <UniqueIdentifier>{9f64f4ff-d9e0-43d7-88e1-13e6d3656a89}</UniqueIdentifier>
      <Extensions>hlsl;hlsli</Extensions>
    </Filter>
    <Filter Include="Headers">
      <UniqueIdentifier>{93995380-89BD-4b04-88EB-625FBE52EBFB}</UniqueIdentifier>
      <Extensions>h;hh;hpp;hxx;hm;inl;inc;xsd</Extensions>
    </Filter>
    <Filter Include="Sources">
      <UniqueIdentifier>{4FC737F1-C7A5-4376-A066-2A32D752A2FF}</UniqueIdentifier>
      <Extensions>cpp;c;cc;cxx;def;odl;idl;hpj;bat;asm;asmx</Extensions>
    </Filter>
    <Filter Include="Shaders\Sprite">
      <UniqueIdentifier>{84eba98d-01c4-4874-a130-d1203f310183}</UniqueIdentifier>
    </Filter>
    <Filter Include="Shaders\Geometric_Primitive">
      <UniqueIdentifier>{9669e442-127f-4d58-aade-b6eb6e7c2123}</UniqueIdentifier>
    </Filter>
    <Filter Include="Headers\System">
      <UniqueIdentifier>{175a17b6-a15f-4dd1-96ca-3132194ecb9f}</UniqueIdentifier>
    </Filter>
    <Filter Include="Sources\DataLoad">
      <UniqueIdentifier>{2e2a7a99-26bc-4865-9418-9ba42c1a5a67}</UniqueIdentifier>
    </Filter>
    <Filter Include="Headers\DataLoad">
      <UniqueIdentifier>{55216931-861e-423f-8b3d-50c56b9b0528}</UniqueIdentifier>
    </Filter>
    <Filter Include="Headers\DataLoad\Sprite">
      <UniqueIdentifier>{de5c1a20-e0cf-4a16-a29f-3db1346cfcda}</UniqueIdentifier>
    </Filter>
    <Filter Include="Headers\DataLoad\3D Object">
      <UniqueIdentifier>{91124076-eb98-4e85-a2bc-3a9fda72fefe}</UniqueIdentifier>
    </Filter>
    <Filter Include="Shaders\Skinned_Mesh">
      <UniqueIdentifier>{3e0d2e6a-aea2-41f8-94b4-0cd818408a8e}</UniqueIdentifier>
    </Filter>
    <Filter Include="Headers\Scene">
      <UniqueIdentifier>{30f9e48e-dd47-49f8-be11-0060d7ea4e84}</UniqueIdentifier>
    </Filter>
    <Filter Include="Sources\RenderOptions">
      <UniqueIdentifier>{35d2e353-54f4-4ec8-a90a-e96e284bb189}</UniqueIdentifier>
    </Filter>
    <Filter Include="Headers\RenderOptions">
      <UniqueIdentifier>{6a7d56e3-0d38-4bee-970b-e91abe8c45e0}</UniqueIdentifier>
    </Filter>
    <Filter Include="Sources\DataLoad\Sprite">
      <UniqueIdentifier>{4932be0c-edef-48d0-b5ae-0e63bc444e71}</UniqueIdentifier>
    </Filter>
    <Filter Include="Sources\DataLoad\3D Object">
      <UniqueIdentifier>{898b18a4-2978-4c01-819c-205fb4e15ae9}</UniqueIdentifier>
    </Filter>
    <Filter Include="Sources\Scenes">
      <UniqueIdentifier>{d9aac7c2-af45-455a-9b65-eb299511699f}</UniqueIdentifier>
    </Filter>
    <Filter Include="Headers\DataLoad\Shaders">
      <UniqueIdentifier>{0c5e65f7-a7be-477a-8994-8a9174218f2a}</UniqueIdentifier>
    </Filter>
    <Filter Include="Sources\DataLoad\Shaders">
      <UniqueIdentifier>{628ce90f-9871-474a-8d76-fcce8ddc0340}</UniqueIdentifier>
    </Filter>
    <Filter Include="Sources\System">
      <UniqueIdentifier>{14724a93-b7c3-40f3-a0df-2c39419428cf}</UniqueIdentifier>
    </Filter>
    <Filter Include="Shaders\GPUParticle">
      <UniqueIdentifier>{714705a2-f819-444d-ab07-8fbf9a8d138b}</UniqueIdentifier>
    </Filter>
    <Filter Include="imGui">
      <UniqueIdentifier>{84d01fef-4c85-496c-8319-d6704909a54e}</UniqueIdentifier>
    </Filter>
    <Filter Include="Shaders\SkyBox">
      <UniqueIdentifier>{147cd3a3-7415-480e-8378-17210f33017a}</UniqueIdentifier>
    </Filter>
    <Filter Include="Sources\DataLoad\3D Object\GeometricPrimitives">
      <UniqueIdentifier>{b3f9812c-1a28-4a7c-9e66-bfa6b1a9da00}</UniqueIdentifier>
    </Filter>
    <Filter Include="Headers\DataLoad\3D Object\GeometricPrimitives">
      <UniqueIdentifier>{c9203c75-d77d-49fe-9e3d-9e9e45f65a96}</UniqueIdentifier>
    </Filter>
    <Filter Include="Shaders\Shadows">
      <UniqueIdentifier>{064b1eb0-1910-4a42-9623-113c760fc701}</UniqueIdentifier>
    </Filter>
    <Filter Include="Shaders\GaussianBlur">
      <UniqueIdentifier>{5cd9309c-83ae-4428-8d9d-d24a1eb97525}</UniqueIdentifier>
    </Filter>
    <Filter Include="Shaders\Imstance_Mesh">
      <UniqueIdentifier>{8f94a5e9-c8fc-4d24-b732-444d0561223e}</UniqueIdentifier>
    </Filter>
    <Filter Include="Shaders\Shadows\CreateShadowMap">
      <UniqueIdentifier>{eb25c86c-ce10-48fa-837c-141b1e128cd9}</UniqueIdentifier>
    </Filter>
    <Filter Include="Shaders\Shadows\RenderShadow">
      <UniqueIdentifier>{afccd2b3-6b1a-42df-9fe8-3396c744b360}</UniqueIdentifier>
    </Filter>
  </ItemGroup>
  <ItemGroup>
    <FxCompile Include="Shaders\sprite_ps.hlsl">
      <Filter>Shaders\Sprite</Filter>
    </FxCompile>
    <FxCompile Include="Shaders\sprite_vs.hlsl">
      <Filter>Shaders\Sprite</Filter>
    </FxCompile>
    <FxCompile Include="Shaders\geometric_primitive_ps.hlsl">
      <Filter>Shaders\Geometric_Primitive</Filter>
    </FxCompile>
    <FxCompile Include="Shaders\geometric_primitive_vs.hlsl">
      <Filter>Shaders\Geometric_Primitive</Filter>
    </FxCompile>
    <FxCompile Include="Shaders\skinned_mesh_ps.hlsl">
      <Filter>Shaders\Skinned_Mesh</Filter>
    </FxCompile>
    <FxCompile Include="Shaders\skinned_mesh_vs.hlsl">
      <Filter>Shaders\Skinned_Mesh</Filter>
    </FxCompile>
    <FxCompile Include="Shaders\GPUParticle_cs.hlsl">
      <Filter>Shaders\GPUParticle</Filter>
    </FxCompile>
    <FxCompile Include="Shaders\GPUParticle_ps.hlsl">
      <Filter>Shaders\GPUParticle</Filter>
    </FxCompile>
    <FxCompile Include="Shaders\GPUParticle_vs.hlsl">
      <Filter>Shaders\GPUParticle</Filter>
    </FxCompile>
    <FxCompile Include="Shaders\GPUParticle_gs.hlsl">
      <Filter>Shaders\GPUParticle</Filter>
    </FxCompile>
    <FxCompile Include="Shaders\SkyBox_ps.hlsl">
      <Filter>Shaders\SkyBox</Filter>
    </FxCompile>
    <FxCompile Include="Shaders\SkyBox_vs.hlsl">
      <Filter>Shaders\SkyBox</Filter>
    </FxCompile>
    <FxCompile Include="Shaders\RenderShadow_vs.hlsl">
      <Filter>Shaders\Shadows\RenderShadow</Filter>
    </FxCompile>
    <FxCompile Include="Shaders\RenderShadow_ps.hlsl">
      <Filter>Shaders\Shadows\RenderShadow</Filter>
    </FxCompile>
    <FxCompile Include="Shaders\GaussianBlur_vs.hlsl">
      <Filter>Shaders\GaussianBlur</Filter>
    </FxCompile>
    <FxCompile Include="Shaders\GaussianBlur_ps.hlsl">
      <Filter>Shaders\GaussianBlur</Filter>
    </FxCompile>
    <FxCompile Include="Shaders\Instance_Mesh_ps.hlsl">
      <Filter>Shaders\Imstance_Mesh</Filter>
    </FxCompile>
    <FxCompile Include="Shaders\Instance_Mesh_vs.hlsl">
      <Filter>Shaders\Imstance_Mesh</Filter>
    </FxCompile>
    <FxCompile Include="Shaders\DepthShadow_ps.hlsl">
      <Filter>Shaders\Shadows\CreateShadowMap</Filter>
    </FxCompile>
    <FxCompile Include="Shaders\DepthShadow_vs.hlsl">
      <Filter>Shaders\Shadows\CreateShadowMap</Filter>
    </FxCompile>
  </ItemGroup>
  <ItemGroup>
    <None Include="Shaders\sprite.hlsli">
      <Filter>Shaders\Sprite</Filter>
    </None>
    <None Include="Shaders\geometric_primitive.hlsli">
      <Filter>Shaders\Geometric_Primitive</Filter>
    </None>
    <None Include="Shaders\skinned_mesh.hlsli">
      <Filter>Shaders\Skinned_Mesh</Filter>
    </None>
    <None Include="packages.config" />
    <None Include="Shaders\GPUParticle.hlsli">
      <Filter>Shaders\GPUParticle</Filter>
    </None>
    <None Include="Shaders\SkyBox.hlsli">
      <Filter>Shaders\SkyBox</Filter>
    </None>
    <None Include="Shaders\RenderShadow.hlsli">
      <Filter>Shaders\Shadows\RenderShadow</Filter>
    </None>
    <None Include="Shaders\GaussianBlur.hlsli">
      <Filter>Shaders\GaussianBlur</Filter>
    </None>
    <None Include="Shaders\ShadowFunc.hlsli">
      <Filter>Shaders\Shadows</Filter>
    </None>
    <None Include="Shaders\ReflectiveModelFunc.hlsli">
      <Filter>Shaders</Filter>
    </None>
    <None Include="Shaders\Instance_Mesh.hlsli">
      <Filter>Shaders\Imstance_Mesh</Filter>
    </None>
    <None Include="Shaders\DepthShadow.hlsli">
      <Filter>Shaders\Shadows\CreateShadowMap</Filter>
    </None>
  </ItemGroup>
  <ItemGroup>
    <ClInclude Include="External\imgui\imconfig.h">
      <Filter>imGui</Filter>
    </ClInclude>
    <ClInclude Include="External\imgui\imgui.h">
      <Filter>imGui</Filter>
    </ClInclude>
    <ClInclude Include="External\imgui\imgui_impl_dx11.h">
      <Filter>imGui</Filter>
    </ClInclude>
    <ClInclude Include="External\imgui\imgui_impl_win32.h">
      <Filter>imGui</Filter>
    </ClInclude>
    <ClInclude Include="External\imgui\imgui_internal.h">
      <Filter>imGui</Filter>
    </ClInclude>
    <ClInclude Include="External\imgui\imstb_rectpack.h">
      <Filter>imGui</Filter>
    </ClInclude>
    <ClInclude Include="External\imgui\imstb_textedit.h">
      <Filter>imGui</Filter>
    </ClInclude>
    <ClInclude Include="External\imgui\imstb_truetype.h">
      <Filter>imGui</Filter>
    </ClInclude>
    <ClInclude Include="Headers\misc.h">
      <Filter>Headers\System</Filter>
    </ClInclude>
    <ClInclude Include="Headers\framework.h">
      <Filter>Headers\System</Filter>
    </ClInclude>
    <ClInclude Include="Headers\high_resolution_timer.h">
      <Filter>Headers\System</Filter>
    </ClInclude>
    <ClInclude Include="Headers\sprite_Batch.h">
      <Filter>Headers\DataLoad\Sprite</Filter>
    </ClInclude>
    <ClInclude Include="Headers\sprite.h">
      <Filter>Headers\DataLoad\Sprite</Filter>
    </ClInclude>
    <ClInclude Include="Headers\skinned_mesh.h">
      <Filter>Headers\DataLoad\3D Object</Filter>
    </ClInclude>
    <ClInclude Include="Headers\SceneManager.h">
      <Filter>Headers\Scene</Filter>
    </ClInclude>
    <ClInclude Include="Headers\Sampler.h">
      <Filter>Headers\RenderOptions</Filter>
    </ClInclude>
    <ClInclude Include="Headers\geometric_primitive.h">
      <Filter>Headers\DataLoad\3D Object\GeometricPrimitives</Filter>
    </ClInclude>
    <ClInclude Include="Headers\texture.h">
      <Filter>Headers\DataLoad</Filter>
    </ClInclude>
    <ClInclude Include="Headers\shader.h">
      <Filter>Headers\DataLoad\Shaders</Filter>
    </ClInclude>
    <ClInclude Include="Headers\shaderEx.h">
      <Filter>Headers\DataLoad\Shaders</Filter>
    </ClInclude>
    <ClInclude Include="Headers\SceneTitle.h">
      <Filter>Headers\Scene</Filter>
    </ClInclude>
    <ClInclude Include="Headers\SceneGame.h">
      <Filter>Headers\Scene</Filter>
    </ClInclude>
    <ClInclude Include="Headers\SceneLoading.h">
      <Filter>Headers\Scene</Filter>
    </ClInclude>
    <ClInclude Include="Headers\Player.h">
      <Filter>Headers</Filter>
    </ClInclude>
    <ClInclude Include="Headers\XMFLOAT_Helper.h">
      <Filter>Headers</Filter>
    </ClInclude>
    <ClInclude Include="Headers\Stages.h">
      <Filter>Headers</Filter>
    </ClInclude>
    <ClInclude Include="Headers\Shot.h">
      <Filter>Headers</Filter>
    </ClInclude>
    <ClInclude Include="Headers\Object3d.h">
      <Filter>Headers</Filter>
    </ClInclude>
    <ClInclude Include="Headers\Enemy.h">
      <Filter>Headers</Filter>
    </ClInclude>
    <ClInclude Include="Headers\Judge.h">
      <Filter>Headers</Filter>
    </ClInclude>
    <ClInclude Include="Headers\Singleton.h">
      <Filter>Headers</Filter>
    </ClInclude>
    <ClInclude Include="Headers\Camera.h">
      <Filter>Headers</Filter>
    </ClInclude>
    <ClInclude Include="Headers\UseComputeShader.h">
      <Filter>Headers</Filter>
    </ClInclude>
    <ClInclude Include="Headers\GPUParticle.h">
      <Filter>Headers</Filter>
    </ClInclude>
    <ClInclude Include="Headers\Object2d.h">
      <Filter>Headers</Filter>
    </ClInclude>
    <ClInclude Include="Headers\Score.h">
      <Filter>Headers</Filter>
    </ClInclude>
    <ClInclude Include="Headers\FrameRateCalculator.h">
      <Filter>Headers</Filter>
    </ClInclude>
    <ClInclude Include="Headers\SceneClear.h">
      <Filter>Headers</Filter>
    </ClInclude>
    <ClInclude Include="Headers\Font.h">
      <Filter>Headers</Filter>
    </ClInclude>
    <ClInclude Include="Headers\SkyBox.h">
      <Filter>Headers</Filter>
    </ClInclude>
    <ClInclude Include="Headers\instance_skinned_mesh.h">
      <Filter>Headers\DataLoad\3D Object</Filter>
    </ClInclude>
  </ItemGroup>
  <ItemGroup>
    <ClCompile Include="External\imgui\imgui.cpp">
      <Filter>imGui</Filter>
    </ClCompile>
    <ClCompile Include="External\imgui\imgui_draw.cpp">
      <Filter>imGui</Filter>
    </ClCompile>
    <ClCompile Include="External\imgui\imgui_impl_dx11.cpp">
      <Filter>imGui</Filter>
    </ClCompile>
    <ClCompile Include="External\imgui\imgui_impl_win32.cpp">
      <Filter>imGui</Filter>
    </ClCompile>
    <ClCompile Include="External\imgui\imgui_ja_gryph_ranges.cpp">
      <Filter>imGui</Filter>
    </ClCompile>
    <ClCompile Include="External\imgui\imgui_widgets.cpp">
      <Filter>imGui</Filter>
    </ClCompile>
    <ClCompile Include="Sources\sprite.cpp">
      <Filter>Sources\DataLoad\Sprite</Filter>
    </ClCompile>
    <ClCompile Include="Sources\sprite_Batch.cpp">
      <Filter>Sources\DataLoad\Sprite</Filter>
    </ClCompile>
    <ClCompile Include="Sources\geometric_cube.cpp">
      <Filter>Sources\DataLoad\3D Object\GeometricPrimitives</Filter>
    </ClCompile>
    <ClCompile Include="Sources\geometric_cylinder.cpp">
      <Filter>Sources\DataLoad\3D Object\GeometricPrimitives</Filter>
    </ClCompile>
    <ClCompile Include="Sources\geometric_sphere.cpp">
      <Filter>Sources\DataLoad\3D Object\GeometricPrimitives</Filter>
    </ClCompile>
    <ClCompile Include="Sources\geometric_capsule.cpp">
      <Filter>Sources\DataLoad\3D Object\GeometricPrimitives</Filter>
    </ClCompile>
    <ClCompile Include="Sources\geometric_primitive.cpp">
      <Filter>Sources\DataLoad\3D Object\GeometricPrimitives</Filter>
    </ClCompile>
    <ClCompile Include="Sources\Sampler.cpp">
      <Filter>Sources\RenderOptions</Filter>
    </ClCompile>
    <ClCompile Include="Sources\skinned_mesh.cpp">
      <Filter>Sources\DataLoad\3D Object</Filter>
    </ClCompile>
    <ClCompile Include="Sources\SceneManager.cpp">
      <Filter>Sources\Scenes</Filter>
    </ClCompile>
    <ClCompile Include="Sources\SceneTitle.cpp">
      <Filter>Sources\Scenes</Filter>
    </ClCompile>
    <ClCompile Include="Sources\shader.cpp">
      <Filter>Sources\DataLoad\Shaders</Filter>
    </ClCompile>
    <ClCompile Include="Sources\shaderEx.cpp">
      <Filter>Sources\DataLoad\Shaders</Filter>
    </ClCompile>
    <ClCompile Include="Sources\framework.cpp">
      <Filter>Sources\System</Filter>
    </ClCompile>
    <ClCompile Include="Sources\main.cpp">
      <Filter>Sources\System</Filter>
    </ClCompile>
    <ClCompile Include="Sources\SceneGame.cpp">
      <Filter>Sources\Scenes</Filter>
    </ClCompile>
    <ClCompile Include="Sources\SceneLoading.cpp">
      <Filter>Sources\Scenes</Filter>
    </ClCompile>
    <ClCompile Include="Sources\Player.cpp">
      <Filter>Sources</Filter>
    </ClCompile>
    <ClCompile Include="Sources\texture.cpp">
      <Filter>Sources\DataLoad\Sprite</Filter>
    </ClCompile>
    <ClCompile Include="Sources\Stages.cpp">
      <Filter>Sources</Filter>
    </ClCompile>
    <ClCompile Include="Sources\Shot.cpp">
      <Filter>Sources</Filter>
    </ClCompile>
    <ClCompile Include="Sources\Enemy.cpp">
      <Filter>Sources</Filter>
    </ClCompile>
    <ClCompile Include="Sources\Judge.cpp">
      <Filter>Sources</Filter>
    </ClCompile>
    <ClCompile Include="Sources\UseComputeShader.cpp">
      <Filter>Sources</Filter>
    </ClCompile>
    <ClCompile Include="Sources\GPUParticle.cpp">
      <Filter>Sources</Filter>
    </ClCompile>
    <ClCompile Include="Sources\Score.cpp">
      <Filter>Sources</Filter>
    </ClCompile>
    <ClCompile Include="Sources\SceneClear.cpp">
      <Filter>Sources\Scenes</Filter>
    </ClCompile>
    <ClCompile Include="Sources\SkyBox.cpp">
      <Filter>Sources</Filter>
    </ClCompile>
    <ClCompile Include="Sources\instance_skinned_mesh.cpp">
      <Filter>Sources\DataLoad\3D Object</Filter>
    </ClCompile>
    <ClCompile Include="Sources\FrameRateCalculator.cpp">
      <Filter>Sources\System</Filter>
    </ClCompile>
    <ClCompile Include="Sources\Camera.cpp">
      <Filter>Sources\System</Filter>
    </ClCompile>
    <ClCompile Include="Sources\Font.cpp">
      <Filter>Sources\RenderOptions</Filter>
    </ClCompile>
  </ItemGroup>
</Project>